
Microsoft Visual Studio Solution File, Format Version 12.00
# Visual Studio Version 16
VisualStudioVersion = 16.0.30517.126
MinimumVisualStudioVersion = 10.0.40219.1
Project("{9A19103F-16F7-4668-BE54-9A1E7A4F7556}") = "AuthenticationAPI", "AuthenticationAPI\AuthenticationAPI.csproj", "{C126C93E-F16D-4505-A3A4-4754516CCFA0}"
EndProject
Project("{FAE04EC0-301F-11D3-BF4B-00C04F79EFBC}") = "ProductAPI", "ProductAPI\ProductAPI.csproj", "{4903CA88-175B-4BA0-85EE-7E6D05F4E141}"
EndProject
Project("{2150E333-8FDC-42A3-9474-1A3956D46DE8}") = "Solution Items", "Solution Items", "{0F92CF0E-2B49-4A7B-A590-BC2EE12D33EF}"
	ProjectSection(SolutionItems) = preProject
		Readme.md = Readme.md
	EndProjectSection
EndProject
Global
	GlobalSection(SolutionConfigurationPlatforms) = preSolution
		Debug|Any CPU = Debug|Any CPU
		Release|Any CPU = Release|Any CPU
	EndGlobalSection
	GlobalSection(ProjectConfigurationPlatforms) = postSolution
		{C126C93E-F16D-4505-A3A4-4754516CCFA0}.Debug|Any CPU.ActiveCfg = Debug|Any CPU
		{C126C93E-F16D-4505-A3A4-4754516CCFA0}.Debug|Any CPU.Build.0 = Debug|Any CPU
		{C126C93E-F16D-4505-A3A4-4754516CCFA0}.Release|Any CPU.ActiveCfg = Release|Any CPU
		{C126C93E-F16D-4505-A3A4-4754516CCFA0}.Release|Any CPU.Build.0 = Release|Any CPU
		{4903CA88-175B-4BA0-85EE-7E6D05F4E141}.Debug|Any CPU.ActiveCfg = Debug|Any CPU
		{4903CA88-175B-4BA0-85EE-7E6D05F4E141}.Debug|Any CPU.Build.0 = Debug|Any CPU
		{4903CA88-175B-4BA0-85EE-7E6D05F4E141}.Release|Any CPU.ActiveCfg = Release|Any CPU
		{4903CA88-175B-4BA0-85EE-7E6D05F4E141}.Release|Any CPU.Build.0 = Release|Any CPU
	EndGlobalSection
	GlobalSection(SolutionProperties) = preSolution
		HideSolutionNode = FALSE
	EndGlobalSection
	GlobalSection(ExtensibilityGlobals) = postSolution
		SolutionGuid = {FC13E2B3-916E-4831-9342-5D344B1F2723}
	EndGlobalSection
EndGlobal
